// !$*UTF8*$!
{
	archiveVersion = 1;
	classes = {
	};
	objectVersion = 51;
	objects = {

/* Begin PBXBuildFile section */
		1B283249246B6BC700C675F9 /* Constants.swift in Sources */ = {isa = PBXBuildFile; fileRef = 1B283248246B6BC700C675F9 /* Constants.swift */; };
		1B28324B246B6C0800C675F9 /* NetworkWeatherManager.swift in Sources */ = {isa = PBXBuildFile; fileRef = 1B28324A246B6C0800C675F9 /* NetworkWeatherManager.swift */; };
		1B2978F224E8AF49005B943B /* GoogleService-Info.plist in Resources */ = {isa = PBXBuildFile; fileRef = 1B2978F124E8AF49005B943B /* GoogleService-Info.plist */; };
		1B2978F724E8B2DC005B943B /* AuthService.swift in Sources */ = {isa = PBXBuildFile; fileRef = 1B2978F624E8B2DC005B943B /* AuthService.swift */; };
		1B2978F924E8B2E3005B943B /* FirestoreService.swift in Sources */ = {isa = PBXBuildFile; fileRef = 1B2978F824E8B2E3005B943B /* FirestoreService.swift */; };
		1B2978FB24E8B2EB005B943B /* StorageService.swift in Sources */ = {isa = PBXBuildFile; fileRef = 1B2978FA24E8B2EB005B943B /* StorageService.swift */; };
		1B2978FD24E8B2F2005B943B /* ListenerService.swift in Sources */ = {isa = PBXBuildFile; fileRef = 1B2978FC24E8B2F2005B943B /* ListenerService.swift */; };
		1B29790624E8B774005B943B /* AddAvaTeamsView.swift in Sources */ = {isa = PBXBuildFile; fileRef = 1B29790024E8B76F005B943B /* AddAvaTeamsView.swift */; };
		1B29790724E8B774005B943B /* ButtonFormView.swift in Sources */ = {isa = PBXBuildFile; fileRef = 1B29790124E8B770005B943B /* ButtonFormView.swift */; };
		1B29790824E8B774005B943B /* Bundle-Decodable.swift in Sources */ = {isa = PBXBuildFile; fileRef = 1B29790224E8B771005B943B /* Bundle-Decodable.swift */; };
		1B29790924E8B774005B943B /* GradientView.swift in Sources */ = {isa = PBXBuildFile; fileRef = 1B29790324E8B772005B943B /* GradientView.swift */; };
		1B29790A24E8B774005B943B /* InsertableTextField.swift in Sources */ = {isa = PBXBuildFile; fileRef = 1B29790424E8B773005B943B /* InsertableTextField.swift */; };
		1B29790B24E8B774005B943B /* AddAvaPlayersView.swift in Sources */ = {isa = PBXBuildFile; fileRef = 1B29790524E8B774005B943B /* AddAvaPlayersView.swift */; };
		1B29791A24E8B7A6005B943B /* ViewExtension.swift in Sources */ = {isa = PBXBuildFile; fileRef = 1B29790D24E8B79A005B943B /* ViewExtension.swift */; };
		1B29791B24E8B7A6005B943B /* ImageExtension.swift in Sources */ = {isa = PBXBuildFile; fileRef = 1B29790E24E8B79B005B943B /* ImageExtension.swift */; };
		1B29791C24E8B7A6005B943B /* CustomeTextField.swift in Sources */ = {isa = PBXBuildFile; fileRef = 1B29790F24E8B79C005B943B /* CustomeTextField.swift */; };
		1B29791D24E8B7A6005B943B /* LabelExtension.swift in Sources */ = {isa = PBXBuildFile; fileRef = 1B29791024E8B79D005B943B /* LabelExtension.swift */; };
		1B29791E24E8B7A6005B943B /* SegmentedControlExtension.swift in Sources */ = {isa = PBXBuildFile; fileRef = 1B29791124E8B79E005B943B /* SegmentedControlExtension.swift */; };
		1B29791F24E8B7A6005B943B /* FontExtension.swift in Sources */ = {isa = PBXBuildFile; fileRef = 1B29791224E8B79F005B943B /* FontExtension.swift */; };
		1B29792024E8B7A6005B943B /* ColorExtension.swift in Sources */ = {isa = PBXBuildFile; fileRef = 1B29791324E8B7A0005B943B /* ColorExtension.swift */; };
		1B29792124E8B7A6005B943B /* ScrollViewExtension.swift in Sources */ = {isa = PBXBuildFile; fileRef = 1B29791424E8B7A1005B943B /* ScrollViewExtension.swift */; };
		1B29792224E8B7A6005B943B /* ButtonExtension.swift in Sources */ = {isa = PBXBuildFile; fileRef = 1B29791524E8B7A2005B943B /* ButtonExtension.swift */; };
		1B29792324E8B7A6005B943B /* StackViewExtension.swift in Sources */ = {isa = PBXBuildFile; fileRef = 1B29791624E8B7A3005B943B /* StackViewExtension.swift */; };
		1B29792424E8B7A6005B943B /* ImageViewExtension.swift in Sources */ = {isa = PBXBuildFile; fileRef = 1B29791724E8B7A4005B943B /* ImageViewExtension.swift */; };
		1B29792524E8B7A6005B943B /* AplicationExtension.swift in Sources */ = {isa = PBXBuildFile; fileRef = 1B29791824E8B7A5005B943B /* AplicationExtension.swift */; };
		1B29792624E8B7A6005B943B /* ViewControllerExtension.swift in Sources */ = {isa = PBXBuildFile; fileRef = 1B29791924E8B7A6005B943B /* ViewControllerExtension.swift */; };
		1B29792A24E8B854005B943B /* Players.swift in Sources */ = {isa = PBXBuildFile; fileRef = 1B29792824E8B853005B943B /* Players.swift */; };
		1B29792B24E8B854005B943B /* Teams.swift in Sources */ = {isa = PBXBuildFile; fileRef = 1B29792924E8B854005B943B /* Teams.swift */; };
		1B29792E24E8B87F005B943B /* AuthNavigatingDelegate.swift in Sources */ = {isa = PBXBuildFile; fileRef = 1B29792D24E8B87F005B943B /* AuthNavigatingDelegate.swift */; };
		1B29793324E8B8BA005B943B /* UserError.swift in Sources */ = {isa = PBXBuildFile; fileRef = 1B29793024E8B8B8005B943B /* UserError.swift */; };
		1B29793424E8B8BA005B943B /* AuthError.swift in Sources */ = {isa = PBXBuildFile; fileRef = 1B29793124E8B8B9005B943B /* AuthError.swift */; };
		1B29793524E8B8BA005B943B /* Validators.swift in Sources */ = {isa = PBXBuildFile; fileRef = 1B29793224E8B8BA005B943B /* Validators.swift */; };
		1B29793D24E8B93B005B943B /* SetupProfileViewController.swift in Sources */ = {isa = PBXBuildFile; fileRef = 1B29793724E8B936005B943B /* SetupProfileViewController.swift */; };
		1B29793E24E8B93B005B943B /* SignUpViewController.swift in Sources */ = {isa = PBXBuildFile; fileRef = 1B29793824E8B937005B943B /* SignUpViewController.swift */; };
		1B29793F24E8B93B005B943B /* AuthViewController.swift in Sources */ = {isa = PBXBuildFile; fileRef = 1B29793924E8B938005B943B /* AuthViewController.swift */; };
		1B29794024E8B93B005B943B /* LoginViewController.swift in Sources */ = {isa = PBXBuildFile; fileRef = 1B29793A24E8B939005B943B /* LoginViewController.swift */; };
		1B29794124E8B93B005B943B /* CreateTeamViewController.swift in Sources */ = {isa = PBXBuildFile; fileRef = 1B29793B24E8B93A005B943B /* CreateTeamViewController.swift */; };
		1B29794224E8B93B005B943B /* JoinTeamViewController.swift in Sources */ = {isa = PBXBuildFile; fileRef = 1B29793C24E8B93B005B943B /* JoinTeamViewController.swift */; };
		1B29794724E8B9F6005B943B /* ContentFooTeam.swift in Sources */ = {isa = PBXBuildFile; fileRef = 1B29794524E8B9F5005B943B /* ContentFooTeam.swift */; };
		1B29794824E8B9F6005B943B /* ContentFooTeamMenu.swift in Sources */ = {isa = PBXBuildFile; fileRef = 1B29794624E8B9F6005B943B /* ContentFooTeamMenu.swift */; };
		1B29794B24E8BA0E005B943B /* HeaderFooTeam.swift in Sources */ = {isa = PBXBuildFile; fileRef = 1B29794A24E8BA0E005B943B /* HeaderFooTeam.swift */; };
		1B29795124E8BA32005B943B /* CellTopPlayersFooTeam.swift in Sources */ = {isa = PBXBuildFile; fileRef = 1B29794D24E8BA2F005B943B /* CellTopPlayersFooTeam.swift */; };
		1B29795224E8BA33005B943B /* BoxTopPlayersFooTeam.swift in Sources */ = {isa = PBXBuildFile; fileRef = 1B29794E24E8BA30005B943B /* BoxTopPlayersFooTeam.swift */; };
		1B29795324E8BA33005B943B /* BackgroundFooTeam.swift in Sources */ = {isa = PBXBuildFile; fileRef = 1B29794F24E8BA31005B943B /* BackgroundFooTeam.swift */; };
		1B29795424E8BA33005B943B /* TopPlayersFooTeam.swift in Sources */ = {isa = PBXBuildFile; fileRef = 1B29795024E8BA32005B943B /* TopPlayersFooTeam.swift */; };
		1B29795824E8BA55005B943B /* ListPlayersFooTeam.swift in Sources */ = {isa = PBXBuildFile; fileRef = 1B29795624E8BA54005B943B /* ListPlayersFooTeam.swift */; };
		1B29795924E8BA55005B943B /* TeamsFooTeam.swift in Sources */ = {isa = PBXBuildFile; fileRef = 1B29795724E8BA55005B943B /* TeamsFooTeam.swift */; };
		1B29795E24E8BA74005B943B /* CellCaruselBodyFooTeam.swift in Sources */ = {isa = PBXBuildFile; fileRef = 1B29795B24E8BA71005B943B /* CellCaruselBodyFooTeam.swift */; };
		1B29795F24E8BA74005B943B /* BoxCaruselBodyFooTeam.swift in Sources */ = {isa = PBXBuildFile; fileRef = 1B29795C24E8BA72005B943B /* BoxCaruselBodyFooTeam.swift */; };
		1B29796024E8BA74005B943B /* CaruselBodyFooTeam.swift in Sources */ = {isa = PBXBuildFile; fileRef = 1B29795D24E8BA74005B943B /* CaruselBodyFooTeam.swift */; };
		1B29796224E8BB28005B943B /* SelfConfiguringCell.swift in Sources */ = {isa = PBXBuildFile; fileRef = 1B29796124E8BB28005B943B /* SelfConfiguringCell.swift */; };
		1B47244624B7CC1700853889 /* CalendarFooTeam.swift in Sources */ = {isa = PBXBuildFile; fileRef = 1B47244524B7CC1700853889 /* CalendarFooTeam.swift */; };
		1B49B40724B53E6200C33233 /* Notifications.swift in Sources */ = {isa = PBXBuildFile; fileRef = 1B49B40624B53E6200C33233 /* Notifications.swift */; };
		1BDDC9E7247B85C400BFC139 /* Team.swift in Sources */ = {isa = PBXBuildFile; fileRef = 1BDDC9E6247B85C400BFC139 /* Team.swift */; };
		1BF4C9872450A7F1006EEAC5 /* AppDelegate.swift in Sources */ = {isa = PBXBuildFile; fileRef = 1BF4C9862450A7F1006EEAC5 /* AppDelegate.swift */; };
		1BF4C9892450A7F1006EEAC5 /* SceneDelegate.swift in Sources */ = {isa = PBXBuildFile; fileRef = 1BF4C9882450A7F1006EEAC5 /* SceneDelegate.swift */; };
		1BF4C9902450A7F3006EEAC5 /* Assets.xcassets in Resources */ = {isa = PBXBuildFile; fileRef = 1BF4C98F2450A7F3006EEAC5 /* Assets.xcassets */; };
		1BF4C9932450A7F3006EEAC5 /* LaunchScreen.storyboard in Resources */ = {isa = PBXBuildFile; fileRef = 1BF4C9912450A7F3006EEAC5 /* LaunchScreen.storyboard */; };
		54C58285EC39A524265E3AA1 /* Pods_FooTeam.framework in Frameworks */ = {isa = PBXBuildFile; fileRef = F06D054C0AA3936098B624B6 /* Pods_FooTeam.framework */; };
/* End PBXBuildFile section */

/* Begin PBXFileReference section */
		0AE5A5E80A197ED0B13269A2 /* Pods-FooTeam.release.xcconfig */ = {isa = PBXFileReference; includeInIndex = 1; lastKnownFileType = text.xcconfig; name = "Pods-FooTeam.release.xcconfig"; path = "Target Support Files/Pods-FooTeam/Pods-FooTeam.release.xcconfig"; sourceTree = "<group>"; };
		1B283248246B6BC700C675F9 /* Constants.swift */ = {isa = PBXFileReference; lastKnownFileType = sourcecode.swift; path = Constants.swift; sourceTree = "<group>"; };
		1B28324A246B6C0800C675F9 /* NetworkWeatherManager.swift */ = {isa = PBXFileReference; lastKnownFileType = sourcecode.swift; path = NetworkWeatherManager.swift; sourceTree = "<group>"; };
		1B2978F124E8AF49005B943B /* GoogleService-Info.plist */ = {isa = PBXFileReference; fileEncoding = 4; lastKnownFileType = text.plist.xml; path = "GoogleService-Info.plist"; sourceTree = "<group>"; };
		1B2978F624E8B2DC005B943B /* AuthService.swift */ = {isa = PBXFileReference; fileEncoding = 4; lastKnownFileType = sourcecode.swift; path = AuthService.swift; sourceTree = "<group>"; };
		1B2978F824E8B2E3005B943B /* FirestoreService.swift */ = {isa = PBXFileReference; fileEncoding = 4; lastKnownFileType = sourcecode.swift; path = FirestoreService.swift; sourceTree = "<group>"; };
		1B2978FA24E8B2EB005B943B /* StorageService.swift */ = {isa = PBXFileReference; fileEncoding = 4; lastKnownFileType = sourcecode.swift; path = StorageService.swift; sourceTree = "<group>"; };
		1B2978FC24E8B2F2005B943B /* ListenerService.swift */ = {isa = PBXFileReference; fileEncoding = 4; lastKnownFileType = sourcecode.swift; path = ListenerService.swift; sourceTree = "<group>"; };
		1B29790024E8B76F005B943B /* AddAvaTeamsView.swift */ = {isa = PBXFileReference; fileEncoding = 4; lastKnownFileType = sourcecode.swift; path = AddAvaTeamsView.swift; sourceTree = "<group>"; };
		1B29790124E8B770005B943B /* ButtonFormView.swift */ = {isa = PBXFileReference; fileEncoding = 4; lastKnownFileType = sourcecode.swift; path = ButtonFormView.swift; sourceTree = "<group>"; };
		1B29790224E8B771005B943B /* Bundle-Decodable.swift */ = {isa = PBXFileReference; fileEncoding = 4; lastKnownFileType = sourcecode.swift; path = "Bundle-Decodable.swift"; sourceTree = "<group>"; };
		1B29790324E8B772005B943B /* GradientView.swift */ = {isa = PBXFileReference; fileEncoding = 4; lastKnownFileType = sourcecode.swift; path = GradientView.swift; sourceTree = "<group>"; };
		1B29790424E8B773005B943B /* InsertableTextField.swift */ = {isa = PBXFileReference; fileEncoding = 4; lastKnownFileType = sourcecode.swift; path = InsertableTextField.swift; sourceTree = "<group>"; };
		1B29790524E8B774005B943B /* AddAvaPlayersView.swift */ = {isa = PBXFileReference; fileEncoding = 4; lastKnownFileType = sourcecode.swift; path = AddAvaPlayersView.swift; sourceTree = "<group>"; };
		1B29790D24E8B79A005B943B /* ViewExtension.swift */ = {isa = PBXFileReference; fileEncoding = 4; lastKnownFileType = sourcecode.swift; path = ViewExtension.swift; sourceTree = "<group>"; };
		1B29790E24E8B79B005B943B /* ImageExtension.swift */ = {isa = PBXFileReference; fileEncoding = 4; lastKnownFileType = sourcecode.swift; path = ImageExtension.swift; sourceTree = "<group>"; };
		1B29790F24E8B79C005B943B /* CustomeTextField.swift */ = {isa = PBXFileReference; fileEncoding = 4; lastKnownFileType = sourcecode.swift; path = CustomeTextField.swift; sourceTree = "<group>"; };
		1B29791024E8B79D005B943B /* LabelExtension.swift */ = {isa = PBXFileReference; fileEncoding = 4; lastKnownFileType = sourcecode.swift; path = LabelExtension.swift; sourceTree = "<group>"; };
		1B29791124E8B79E005B943B /* SegmentedControlExtension.swift */ = {isa = PBXFileReference; fileEncoding = 4; lastKnownFileType = sourcecode.swift; path = SegmentedControlExtension.swift; sourceTree = "<group>"; };
		1B29791224E8B79F005B943B /* FontExtension.swift */ = {isa = PBXFileReference; fileEncoding = 4; lastKnownFileType = sourcecode.swift; path = FontExtension.swift; sourceTree = "<group>"; };
		1B29791324E8B7A0005B943B /* ColorExtension.swift */ = {isa = PBXFileReference; fileEncoding = 4; lastKnownFileType = sourcecode.swift; path = ColorExtension.swift; sourceTree = "<group>"; };
		1B29791424E8B7A1005B943B /* ScrollViewExtension.swift */ = {isa = PBXFileReference; fileEncoding = 4; lastKnownFileType = sourcecode.swift; path = ScrollViewExtension.swift; sourceTree = "<group>"; };
		1B29791524E8B7A2005B943B /* ButtonExtension.swift */ = {isa = PBXFileReference; fileEncoding = 4; lastKnownFileType = sourcecode.swift; path = ButtonExtension.swift; sourceTree = "<group>"; };
		1B29791624E8B7A3005B943B /* StackViewExtension.swift */ = {isa = PBXFileReference; fileEncoding = 4; lastKnownFileType = sourcecode.swift; path = StackViewExtension.swift; sourceTree = "<group>"; };
		1B29791724E8B7A4005B943B /* ImageViewExtension.swift */ = {isa = PBXFileReference; fileEncoding = 4; lastKnownFileType = sourcecode.swift; path = ImageViewExtension.swift; sourceTree = "<group>"; };
		1B29791824E8B7A5005B943B /* AplicationExtension.swift */ = {isa = PBXFileReference; fileEncoding = 4; lastKnownFileType = sourcecode.swift; path = AplicationExtension.swift; sourceTree = "<group>"; };
		1B29791924E8B7A6005B943B /* ViewControllerExtension.swift */ = {isa = PBXFileReference; fileEncoding = 4; lastKnownFileType = sourcecode.swift; path = ViewControllerExtension.swift; sourceTree = "<group>"; };
		1B29792824E8B853005B943B /* Players.swift */ = {isa = PBXFileReference; fileEncoding = 4; lastKnownFileType = sourcecode.swift; path = Players.swift; sourceTree = "<group>"; };
		1B29792924E8B854005B943B /* Teams.swift */ = {isa = PBXFileReference; fileEncoding = 4; lastKnownFileType = sourcecode.swift; path = Teams.swift; sourceTree = "<group>"; };
		1B29792D24E8B87F005B943B /* AuthNavigatingDelegate.swift */ = {isa = PBXFileReference; fileEncoding = 4; lastKnownFileType = sourcecode.swift; path = AuthNavigatingDelegate.swift; sourceTree = "<group>"; };
		1B29793024E8B8B8005B943B /* UserError.swift */ = {isa = PBXFileReference; fileEncoding = 4; lastKnownFileType = sourcecode.swift; path = UserError.swift; sourceTree = "<group>"; };
		1B29793124E8B8B9005B943B /* AuthError.swift */ = {isa = PBXFileReference; fileEncoding = 4; lastKnownFileType = sourcecode.swift; path = AuthError.swift; sourceTree = "<group>"; };
		1B29793224E8B8BA005B943B /* Validators.swift */ = {isa = PBXFileReference; fileEncoding = 4; lastKnownFileType = sourcecode.swift; path = Validators.swift; sourceTree = "<group>"; };
		1B29793724E8B936005B943B /* SetupProfileViewController.swift */ = {isa = PBXFileReference; fileEncoding = 4; lastKnownFileType = sourcecode.swift; path = SetupProfileViewController.swift; sourceTree = "<group>"; };
		1B29793824E8B937005B943B /* SignUpViewController.swift */ = {isa = PBXFileReference; fileEncoding = 4; lastKnownFileType = sourcecode.swift; path = SignUpViewController.swift; sourceTree = "<group>"; };
		1B29793924E8B938005B943B /* AuthViewController.swift */ = {isa = PBXFileReference; fileEncoding = 4; lastKnownFileType = sourcecode.swift; path = AuthViewController.swift; sourceTree = "<group>"; };
		1B29793A24E8B939005B943B /* LoginViewController.swift */ = {isa = PBXFileReference; fileEncoding = 4; lastKnownFileType = sourcecode.swift; path = LoginViewController.swift; sourceTree = "<group>"; };
		1B29793B24E8B93A005B943B /* CreateTeamViewController.swift */ = {isa = PBXFileReference; fileEncoding = 4; lastKnownFileType = sourcecode.swift; path = CreateTeamViewController.swift; sourceTree = "<group>"; };
		1B29793C24E8B93B005B943B /* JoinTeamViewController.swift */ = {isa = PBXFileReference; fileEncoding = 4; lastKnownFileType = sourcecode.swift; path = JoinTeamViewController.swift; sourceTree = "<group>"; };
		1B29794524E8B9F5005B943B /* ContentFooTeam.swift */ = {isa = PBXFileReference; fileEncoding = 4; lastKnownFileType = sourcecode.swift; path = ContentFooTeam.swift; sourceTree = "<group>"; };
		1B29794624E8B9F6005B943B /* ContentFooTeamMenu.swift */ = {isa = PBXFileReference; fileEncoding = 4; lastKnownFileType = sourcecode.swift; path = ContentFooTeamMenu.swift; sourceTree = "<group>"; };
		1B29794A24E8BA0E005B943B /* HeaderFooTeam.swift */ = {isa = PBXFileReference; fileEncoding = 4; lastKnownFileType = sourcecode.swift; path = HeaderFooTeam.swift; sourceTree = "<group>"; };
		1B29794D24E8BA2F005B943B /* CellTopPlayersFooTeam.swift */ = {isa = PBXFileReference; fileEncoding = 4; lastKnownFileType = sourcecode.swift; path = CellTopPlayersFooTeam.swift; sourceTree = "<group>"; };
		1B29794E24E8BA30005B943B /* BoxTopPlayersFooTeam.swift */ = {isa = PBXFileReference; fileEncoding = 4; lastKnownFileType = sourcecode.swift; path = BoxTopPlayersFooTeam.swift; sourceTree = "<group>"; };
		1B29794F24E8BA31005B943B /* BackgroundFooTeam.swift */ = {isa = PBXFileReference; fileEncoding = 4; lastKnownFileType = sourcecode.swift; path = BackgroundFooTeam.swift; sourceTree = "<group>"; };
		1B29795024E8BA32005B943B /* TopPlayersFooTeam.swift */ = {isa = PBXFileReference; fileEncoding = 4; lastKnownFileType = sourcecode.swift; path = TopPlayersFooTeam.swift; sourceTree = "<group>"; };
		1B29795624E8BA54005B943B /* ListPlayersFooTeam.swift */ = {isa = PBXFileReference; fileEncoding = 4; lastKnownFileType = sourcecode.swift; path = ListPlayersFooTeam.swift; sourceTree = "<group>"; };
		1B29795724E8BA55005B943B /* TeamsFooTeam.swift */ = {isa = PBXFileReference; fileEncoding = 4; lastKnownFileType = sourcecode.swift; path = TeamsFooTeam.swift; sourceTree = "<group>"; };
		1B29795B24E8BA71005B943B /* CellCaruselBodyFooTeam.swift */ = {isa = PBXFileReference; fileEncoding = 4; lastKnownFileType = sourcecode.swift; path = CellCaruselBodyFooTeam.swift; sourceTree = "<group>"; };
		1B29795C24E8BA72005B943B /* BoxCaruselBodyFooTeam.swift */ = {isa = PBXFileReference; fileEncoding = 4; lastKnownFileType = sourcecode.swift; path = BoxCaruselBodyFooTeam.swift; sourceTree = "<group>"; };
		1B29795D24E8BA74005B943B /* CaruselBodyFooTeam.swift */ = {isa = PBXFileReference; fileEncoding = 4; lastKnownFileType = sourcecode.swift; path = CaruselBodyFooTeam.swift; sourceTree = "<group>"; };
		1B29796124E8BB28005B943B /* SelfConfiguringCell.swift */ = {isa = PBXFileReference; fileEncoding = 4; lastKnownFileType = sourcecode.swift; path = SelfConfiguringCell.swift; sourceTree = "<group>"; };
		1B47244524B7CC1700853889 /* CalendarFooTeam.swift */ = {isa = PBXFileReference; lastKnownFileType = sourcecode.swift; path = CalendarFooTeam.swift; sourceTree = "<group>"; };
		1B49B40524B53CB800C33233 /* FooTeam.entitlements */ = {isa = PBXFileReference; lastKnownFileType = text.plist.entitlements; path = FooTeam.entitlements; sourceTree = "<group>"; };
		1B49B40624B53E6200C33233 /* Notifications.swift */ = {isa = PBXFileReference; lastKnownFileType = sourcecode.swift; path = Notifications.swift; sourceTree = "<group>"; };
		1BDDC9E6247B85C400BFC139 /* Team.swift */ = {isa = PBXFileReference; lastKnownFileType = sourcecode.swift; path = Team.swift; sourceTree = "<group>"; };
		1BF4C9832450A7F1006EEAC5 /* FooTeam.app */ = {isa = PBXFileReference; explicitFileType = wrapper.application; includeInIndex = 0; path = FooTeam.app; sourceTree = BUILT_PRODUCTS_DIR; };
		1BF4C9862450A7F1006EEAC5 /* AppDelegate.swift */ = {isa = PBXFileReference; lastKnownFileType = sourcecode.swift; path = AppDelegate.swift; sourceTree = "<group>"; };
		1BF4C9882450A7F1006EEAC5 /* SceneDelegate.swift */ = {isa = PBXFileReference; lastKnownFileType = sourcecode.swift; path = SceneDelegate.swift; sourceTree = "<group>"; };
		1BF4C98F2450A7F3006EEAC5 /* Assets.xcassets */ = {isa = PBXFileReference; lastKnownFileType = folder.assetcatalog; path = Assets.xcassets; sourceTree = "<group>"; };
		1BF4C9922450A7F3006EEAC5 /* Base */ = {isa = PBXFileReference; lastKnownFileType = file.storyboard; name = Base; path = Base.lproj/LaunchScreen.storyboard; sourceTree = "<group>"; };
		1BF4C9942450A7F3006EEAC5 /* Info.plist */ = {isa = PBXFileReference; lastKnownFileType = text.plist.xml; path = Info.plist; sourceTree = "<group>"; };
		F06D054C0AA3936098B624B6 /* Pods_FooTeam.framework */ = {isa = PBXFileReference; explicitFileType = wrapper.framework; includeInIndex = 0; path = Pods_FooTeam.framework; sourceTree = BUILT_PRODUCTS_DIR; };
/* End PBXFileReference section */

/* Begin PBXFrameworksBuildPhase section */
		1BF4C9802450A7F1006EEAC5 /* Frameworks */ = {
			isa = PBXFrameworksBuildPhase;
			buildActionMask = 2147483647;
			files = (
				54C58285EC39A524265E3AA1 /* Pods_FooTeam.framework in Frameworks */,
			);
			runOnlyForDeploymentPostprocessing = 0;
		};
/* End PBXFrameworksBuildPhase section */

/* Begin PBXGroup section */
		1B283247246B6B3C00C675F9 /* Supporting files */ = {
			isa = PBXGroup;
			children = (
				1B283248246B6BC700C675F9 /* Constants.swift */,
			);
			path = "Supporting files";
			sourceTree = "<group>";
		};
		1B2978F524E8B2C2005B943B /* Firebase */ = {
			isa = PBXGroup;
			children = (
				1B2978F624E8B2DC005B943B /* AuthService.swift */,
				1B2978F824E8B2E3005B943B /* FirestoreService.swift */,
				1B2978FA24E8B2EB005B943B /* StorageService.swift */,
				1B2978FC24E8B2F2005B943B /* ListenerService.swift */,
			);
			path = Firebase;
			sourceTree = "<group>";
		};
		1B2978FE24E8B711005B943B /* View */ = {
			isa = PBXGroup;
			children = (
				1B29793624E8B923005B943B /* SignIn&Auth */,
				1B29794324E8B9AE005B943B /* Create&Join&Profile */,
				1B29794424E8B9E2005B943B /* MainScreenUI */,
			);
			path = View;
			sourceTree = "<group>";
		};
		1B2978FF24E8B74B005B943B /* Extensions */ = {
			isa = PBXGroup;
			children = (
				1B29790524E8B774005B943B /* AddAvaPlayersView.swift */,
				1B29790024E8B76F005B943B /* AddAvaTeamsView.swift */,
				1B29790224E8B771005B943B /* Bundle-Decodable.swift */,
				1B29790124E8B770005B943B /* ButtonFormView.swift */,
				1B29790324E8B772005B943B /* GradientView.swift */,
				1B29790424E8B773005B943B /* InsertableTextField.swift */,
				1B29790C24E8B785005B943B /* UIKit */,
			);
			path = Extensions;
			sourceTree = "<group>";
		};
		1B29790C24E8B785005B943B /* UIKit */ = {
			isa = PBXGroup;
			children = (
				1B29791824E8B7A5005B943B /* AplicationExtension.swift */,
				1B29791524E8B7A2005B943B /* ButtonExtension.swift */,
				1B29791324E8B7A0005B943B /* ColorExtension.swift */,
				1B29790F24E8B79C005B943B /* CustomeTextField.swift */,
				1B29791224E8B79F005B943B /* FontExtension.swift */,
				1B29790E24E8B79B005B943B /* ImageExtension.swift */,
				1B29791724E8B7A4005B943B /* ImageViewExtension.swift */,
				1B29791024E8B79D005B943B /* LabelExtension.swift */,
				1B29791424E8B7A1005B943B /* ScrollViewExtension.swift */,
				1B29791124E8B79E005B943B /* SegmentedControlExtension.swift */,
				1B29791624E8B7A3005B943B /* StackViewExtension.swift */,
				1B29791924E8B7A6005B943B /* ViewControllerExtension.swift */,
				1B29790D24E8B79A005B943B /* ViewExtension.swift */,
			);
			path = UIKit;
			sourceTree = "<group>";
		};
		1B29792724E8B80E005B943B /* Model */ = {
			isa = PBXGroup;
			children = (
				1B29792824E8B853005B943B /* Players.swift */,
				1B29792924E8B854005B943B /* Teams.swift */,
			);
			path = Model;
			sourceTree = "<group>";
		};
		1B29792C24E8B872005B943B /* Protocols */ = {
			isa = PBXGroup;
			children = (
				1B29792D24E8B87F005B943B /* AuthNavigatingDelegate.swift */,
				1B29796124E8BB28005B943B /* SelfConfiguringCell.swift */,
			);
			path = Protocols;
			sourceTree = "<group>";
		};
		1B29792F24E8B8AA005B943B /* Helpers */ = {
			isa = PBXGroup;
			children = (
				1B29793124E8B8B9005B943B /* AuthError.swift */,
				1B29793024E8B8B8005B943B /* UserError.swift */,
				1B29793224E8B8BA005B943B /* Validators.swift */,
			);
			path = Helpers;
			sourceTree = "<group>";
		};
		1B29793624E8B923005B943B /* SignIn&Auth */ = {
			isa = PBXGroup;
			children = (
				1B29793924E8B938005B943B /* AuthViewController.swift */,
				1B29793A24E8B939005B943B /* LoginViewController.swift */,
				1B29793824E8B937005B943B /* SignUpViewController.swift */,
			);
			path = "SignIn&Auth";
			sourceTree = "<group>";
		};
		1B29794324E8B9AE005B943B /* Create&Join&Profile */ = {
			isa = PBXGroup;
			children = (
				1B29793B24E8B93A005B943B /* CreateTeamViewController.swift */,
				1B29793724E8B936005B943B /* SetupProfileViewController.swift */,
				1B29793C24E8B93B005B943B /* JoinTeamViewController.swift */,
			);
			path = "Create&Join&Profile";
			sourceTree = "<group>";
		};
		1B29794424E8B9E2005B943B /* MainScreenUI */ = {
			isa = PBXGroup;
			children = (
				1B29794524E8B9F5005B943B /* ContentFooTeam.swift */,
				1B29794624E8B9F6005B943B /* ContentFooTeamMenu.swift */,
				1B29794924E8BA02005B943B /* HeaderFooTeam */,
				1B29794C24E8BA22005B943B /* TopPlayersFooTeam */,
				1B29795524E8BA49005B943B /* TeamsFooTeam */,
				1B29795A24E8BA64005B943B /* CaruselBodyFooTeam */,
			);
			path = MainScreenUI;
			sourceTree = "<group>";
		};
		1B29794924E8BA02005B943B /* HeaderFooTeam */ = {
			isa = PBXGroup;
			children = (
				1B29794A24E8BA0E005B943B /* HeaderFooTeam.swift */,
			);
			path = HeaderFooTeam;
			sourceTree = "<group>";
		};
		1B29794C24E8BA22005B943B /* TopPlayersFooTeam */ = {
			isa = PBXGroup;
			children = (
				1B29794F24E8BA31005B943B /* BackgroundFooTeam.swift */,
				1B29794E24E8BA30005B943B /* BoxTopPlayersFooTeam.swift */,
				1B29794D24E8BA2F005B943B /* CellTopPlayersFooTeam.swift */,
				1B29795024E8BA32005B943B /* TopPlayersFooTeam.swift */,
			);
			path = TopPlayersFooTeam;
			sourceTree = "<group>";
		};
		1B29795524E8BA49005B943B /* TeamsFooTeam */ = {
			isa = PBXGroup;
			children = (
				1B29795724E8BA55005B943B /* TeamsFooTeam.swift */,
				1B29795624E8BA54005B943B /* ListPlayersFooTeam.swift */,
			);
			path = TeamsFooTeam;
			sourceTree = "<group>";
		};
		1B29795A24E8BA64005B943B /* CaruselBodyFooTeam */ = {
			isa = PBXGroup;
			children = (
				1B29795C24E8BA72005B943B /* BoxCaruselBodyFooTeam.swift */,
				1B29795D24E8BA74005B943B /* CaruselBodyFooTeam.swift */,
				1B29795B24E8BA71005B943B /* CellCaruselBodyFooTeam.swift */,
			);
			path = CaruselBodyFooTeam;
			sourceTree = "<group>";
		};
		1B66CCD824A5410A00F03ED4 /* Sources */ = {
			isa = PBXGroup;
			children = (
				1BF4C98F2450A7F3006EEAC5 /* Assets.xcassets */,
			);
			path = Sources;
			sourceTree = "<group>";
		};
		1B96BECF2496D98200AAF68B /* Services */ = {
			isa = PBXGroup;
			children = (
				1BDDC9E6247B85C400BFC139 /* Team.swift */,
				1B28324A246B6C0800C675F9 /* NetworkWeatherManager.swift */,
				1B49B40624B53E6200C33233 /* Notifications.swift */,
				1B47244524B7CC1700853889 /* CalendarFooTeam.swift */,
				1B2978F524E8B2C2005B943B /* Firebase */,
			);
			path = Services;
			sourceTree = "<group>";
		};
		1BEA42ED247B4A2700A4A000 /* App */ = {
			isa = PBXGroup;
			children = (
				1B29792F24E8B8AA005B943B /* Helpers */,
				1B29792C24E8B872005B943B /* Protocols */,
				1B2978FF24E8B74B005B943B /* Extensions */,
				1B66CCD824A5410A00F03ED4 /* Sources */,
				1B283247246B6B3C00C675F9 /* Supporting files */,
				1BEA42EE247B4A3000A4A000 /* Storyboards */,
				1BF4C9882450A7F1006EEAC5 /* SceneDelegate.swift */,
				1BF4C9862450A7F1006EEAC5 /* AppDelegate.swift */,
				1BF4C9942450A7F3006EEAC5 /* Info.plist */,
				1B2978F124E8AF49005B943B /* GoogleService-Info.plist */,
			);
			path = App;
			sourceTree = "<group>";
		};
		1BEA42EE247B4A3000A4A000 /* Storyboards */ = {
			isa = PBXGroup;
			children = (
				1BF4C9912450A7F3006EEAC5 /* LaunchScreen.storyboard */,
			);
			path = Storyboards;
			sourceTree = "<group>";
		};
		1BF4C97A2450A7F1006EEAC5 = {
			isa = PBXGroup;
			children = (
				1BF4C9852450A7F1006EEAC5 /* FooTeam */,
				1BF4C9842450A7F1006EEAC5 /* Products */,
				E6371551543354DA27B7223B /* Pods */,
				D6861444A6F18BA9CA929B0E /* Frameworks */,
			);
			sourceTree = "<group>";
		};
		1BF4C9842450A7F1006EEAC5 /* Products */ = {
			isa = PBXGroup;
			children = (
				1BF4C9832450A7F1006EEAC5 /* FooTeam.app */,
			);
			name = Products;
			sourceTree = "<group>";
		};
		1BF4C9852450A7F1006EEAC5 /* FooTeam */ = {
			isa = PBXGroup;
			children = (
				1B2978FE24E8B711005B943B /* View */,
				1B29792724E8B80E005B943B /* Model */,
				1B96BECF2496D98200AAF68B /* Services */,
				1BEA42ED247B4A2700A4A000 /* App */,
				1B49B40524B53CB800C33233 /* FooTeam.entitlements */,
			);
			path = FooTeam;
			sourceTree = "<group>";
		};
		D6861444A6F18BA9CA929B0E /* Frameworks */ = {
			isa = PBXGroup;
			children = (
				F06D054C0AA3936098B624B6 /* Pods_FooTeam.framework */,
			);
			name = Frameworks;
			sourceTree = "<group>";
		};
		E6371551543354DA27B7223B /* Pods */ = {
			isa = PBXGroup;
			children = (
				0AE5A5E80A197ED0B13269A2 /* Pods-FooTeam.release.xcconfig */,
			);
			path = Pods;
			sourceTree = "<group>";
		};
/* End PBXGroup section */

/* Begin PBXNativeTarget section */
		1BF4C9822450A7F1006EEAC5 /* FooTeam */ = {
			isa = PBXNativeTarget;
			buildConfigurationList = 1BF4C9972450A7F3006EEAC5 /* Build configuration list for PBXNativeTarget "FooTeam" */;
			buildPhases = (
				ADED9C0408188F04275570A8 /* [CP] Check Pods Manifest.lock */,
				1BF4C97F2450A7F1006EEAC5 /* Sources */,
				1BF4C9802450A7F1006EEAC5 /* Frameworks */,
				1BF4C9812450A7F1006EEAC5 /* Resources */,
				C54AE096B2F6392D2BD53E5D /* [CP] Embed Pods Frameworks */,
				98D1773EFF3A52CEA7D89460 /* [CP] Copy Pods Resources */,
			);
			buildRules = (
			);
			dependencies = (
			);
			name = FooTeam;
			productName = FooTeam;
			productReference = 1BF4C9832450A7F1006EEAC5 /* FooTeam.app */;
			productType = "com.apple.product-type.application";
		};
/* End PBXNativeTarget section */

/* Begin PBXProject section */
		1BF4C97B2450A7F1006EEAC5 /* Project object */ = {
			isa = PBXProject;
			attributes = {
				LastSwiftUpdateCheck = 1140;
				LastUpgradeCheck = 1140;
				ORGANIZATIONNAME = "Vitalii Sosin";
				TargetAttributes = {
					1BF4C9822450A7F1006EEAC5 = {
						CreatedOnToolsVersion = 11.4.1;
					};
				};
			};
			buildConfigurationList = 1BF4C97E2450A7F1006EEAC5 /* Build configuration list for PBXProject "FooTeam" */;
			compatibilityVersion = "Xcode 9.3";
			developmentRegion = en;
			hasScannedForEncodings = 0;
			knownRegions = (
				en,
				Base,
			);
			mainGroup = 1BF4C97A2450A7F1006EEAC5;
			productRefGroup = 1BF4C9842450A7F1006EEAC5 /* Products */;
			projectDirPath = "";
			projectRoot = "";
			targets = (
				1BF4C9822450A7F1006EEAC5 /* FooTeam */,
			);
		};
/* End PBXProject section */

/* Begin PBXResourcesBuildPhase section */
		1BF4C9812450A7F1006EEAC5 /* Resources */ = {
			isa = PBXResourcesBuildPhase;
			buildActionMask = 2147483647;
			files = (
				1BF4C9932450A7F3006EEAC5 /* LaunchScreen.storyboard in Resources */,
				1BF4C9902450A7F3006EEAC5 /* Assets.xcassets in Resources */,
				1B2978F224E8AF49005B943B /* GoogleService-Info.plist in Resources */,
			);
			runOnlyForDeploymentPostprocessing = 0;
		};
/* End PBXResourcesBuildPhase section */

/* Begin PBXShellScriptBuildPhase section */
		98D1773EFF3A52CEA7D89460 /* [CP] Copy Pods Resources */ = {
			isa = PBXShellScriptBuildPhase;
			buildActionMask = 2147483647;
			files = (
			);
			inputFileListPaths = (
				"${PODS_ROOT}/Target Support Files/Pods-FooTeam/Pods-FooTeam-resources-${CONFIGURATION}-input-files.xcfilelist",
			);
			name = "[CP] Copy Pods Resources";
			outputFileListPaths = (
				"${PODS_ROOT}/Target Support Files/Pods-FooTeam/Pods-FooTeam-resources-${CONFIGURATION}-output-files.xcfilelist",
			);
			runOnlyForDeploymentPostprocessing = 0;
			shellPath = /bin/sh;
			shellScript = "\"${PODS_ROOT}/Target Support Files/Pods-FooTeam/Pods-FooTeam-resources.sh\"\n";
			showEnvVarsInLog = 0;
		};
		ADED9C0408188F04275570A8 /* [CP] Check Pods Manifest.lock */ = {
			isa = PBXShellScriptBuildPhase;
			buildActionMask = 2147483647;
			files = (
			);
			inputFileListPaths = (
			);
			inputPaths = (
				"${PODS_PODFILE_DIR_PATH}/Podfile.lock",
				"${PODS_ROOT}/Manifest.lock",
			);
			name = "[CP] Check Pods Manifest.lock";
			outputFileListPaths = (
			);
			outputPaths = (
				"$(DERIVED_FILE_DIR)/Pods-FooTeam-checkManifestLockResult.txt",
			);
			runOnlyForDeploymentPostprocessing = 0;
			shellPath = /bin/sh;
			shellScript = "diff \"${PODS_PODFILE_DIR_PATH}/Podfile.lock\" \"${PODS_ROOT}/Manifest.lock\" > /dev/null\nif [ $? != 0 ] ; then\n    # print error to STDERR\n    echo \"error: The sandbox is not in sync with the Podfile.lock. Run 'pod install' or update your CocoaPods installation.\" >&2\n    exit 1\nfi\n# This output is used by Xcode 'outputs' to avoid re-running this script phase.\necho \"SUCCESS\" > \"${SCRIPT_OUTPUT_FILE_0}\"\n";
			showEnvVarsInLog = 0;
		};
		C54AE096B2F6392D2BD53E5D /* [CP] Embed Pods Frameworks */ = {
			isa = PBXShellScriptBuildPhase;
			buildActionMask = 2147483647;
			files = (
			);
			inputFileListPaths = (
				"${PODS_ROOT}/Target Support Files/Pods-FooTeam/Pods-FooTeam-frameworks-${CONFIGURATION}-input-files.xcfilelist",
			);
			name = "[CP] Embed Pods Frameworks";
			outputFileListPaths = (
				"${PODS_ROOT}/Target Support Files/Pods-FooTeam/Pods-FooTeam-frameworks-${CONFIGURATION}-output-files.xcfilelist",
			);
			runOnlyForDeploymentPostprocessing = 0;
			shellPath = /bin/sh;
			shellScript = "\"${PODS_ROOT}/Target Support Files/Pods-FooTeam/Pods-FooTeam-frameworks.sh\"\n";
			showEnvVarsInLog = 0;
		};
/* End PBXShellScriptBuildPhase section */

/* Begin PBXSourcesBuildPhase section */
		1BF4C97F2450A7F1006EEAC5 /* Sources */ = {
			isa = PBXSourcesBuildPhase;
			buildActionMask = 2147483647;
			files = (
				1B29795324E8BA33005B943B /* BackgroundFooTeam.swift in Sources */,
				1B29792E24E8B87F005B943B /* AuthNavigatingDelegate.swift in Sources */,
				1B29795424E8BA33005B943B /* TopPlayersFooTeam.swift in Sources */,
				1B29792224E8B7A6005B943B /* ButtonExtension.swift in Sources */,
				1B29794024E8B93B005B943B /* LoginViewController.swift in Sources */,
				1B29796024E8BA74005B943B /* CaruselBodyFooTeam.swift in Sources */,
				1B49B40724B53E6200C33233 /* Notifications.swift in Sources */,
				1B29795E24E8BA74005B943B /* CellCaruselBodyFooTeam.swift in Sources */,
				1B29791E24E8B7A6005B943B /* SegmentedControlExtension.swift in Sources */,
				1B29792524E8B7A6005B943B /* AplicationExtension.swift in Sources */,
				1B2978F924E8B2E3005B943B /* FirestoreService.swift in Sources */,
				1B29793424E8B8BA005B943B /* AuthError.swift in Sources */,
				1B29790B24E8B774005B943B /* AddAvaPlayersView.swift in Sources */,
				1B29792324E8B7A6005B943B /* StackViewExtension.swift in Sources */,
				1B29792024E8B7A6005B943B /* ColorExtension.swift in Sources */,
				1B29792A24E8B854005B943B /* Players.swift in Sources */,
				1B29795224E8BA33005B943B /* BoxTopPlayersFooTeam.swift in Sources */,
				1B29791B24E8B7A6005B943B /* ImageExtension.swift in Sources */,
				1B29793F24E8B93B005B943B /* AuthViewController.swift in Sources */,
				1B29793524E8B8BA005B943B /* Validators.swift in Sources */,
				1B29791C24E8B7A6005B943B /* CustomeTextField.swift in Sources */,
				1B29792624E8B7A6005B943B /* ViewControllerExtension.swift in Sources */,
				1B29790A24E8B774005B943B /* InsertableTextField.swift in Sources */,
				1B29793D24E8B93B005B943B /* SetupProfileViewController.swift in Sources */,
				1B29790824E8B774005B943B /* Bundle-Decodable.swift in Sources */,
				1B29790724E8B774005B943B /* ButtonFormView.swift in Sources */,
				1BF4C9872450A7F1006EEAC5 /* AppDelegate.swift in Sources */,
				1B29790924E8B774005B943B /* GradientView.swift in Sources */,
				1B2978F724E8B2DC005B943B /* AuthService.swift in Sources */,
				1B29794824E8B9F6005B943B /* ContentFooTeamMenu.swift in Sources */,
				1B283249246B6BC700C675F9 /* Constants.swift in Sources */,
				1B29793E24E8B93B005B943B /* SignUpViewController.swift in Sources */,
				1B29794B24E8BA0E005B943B /* HeaderFooTeam.swift in Sources */,
				1B47244624B7CC1700853889 /* CalendarFooTeam.swift in Sources */,
				1B29795124E8BA32005B943B /* CellTopPlayersFooTeam.swift in Sources */,
				1B29795824E8BA55005B943B /* ListPlayersFooTeam.swift in Sources */,
				1BDDC9E7247B85C400BFC139 /* Team.swift in Sources */,
				1B29795F24E8BA74005B943B /* BoxCaruselBodyFooTeam.swift in Sources */,
				1B29792424E8B7A6005B943B /* ImageViewExtension.swift in Sources */,
				1BF4C9892450A7F1006EEAC5 /* SceneDelegate.swift in Sources */,
				1B29795924E8BA55005B943B /* TeamsFooTeam.swift in Sources */,
				1B2978FB24E8B2EB005B943B /* StorageService.swift in Sources */,
				1B29791F24E8B7A6005B943B /* FontExtension.swift in Sources */,
				1B29794724E8B9F6005B943B /* ContentFooTeam.swift in Sources */,
				1B29791A24E8B7A6005B943B /* ViewExtension.swift in Sources */,
				1B29792B24E8B854005B943B /* Teams.swift in Sources */,
				1B29794124E8B93B005B943B /* CreateTeamViewController.swift in Sources */,
				1B29791D24E8B7A6005B943B /* LabelExtension.swift in Sources */,
				1B29796224E8BB28005B943B /* SelfConfiguringCell.swift in Sources */,
				1B28324B246B6C0800C675F9 /* NetworkWeatherManager.swift in Sources */,
				1B29792124E8B7A6005B943B /* ScrollViewExtension.swift in Sources */,
				1B29794224E8B93B005B943B /* JoinTeamViewController.swift in Sources */,
				1B2978FD24E8B2F2005B943B /* ListenerService.swift in Sources */,
				1B29793324E8B8BA005B943B /* UserError.swift in Sources */,
				1B29790624E8B774005B943B /* AddAvaTeamsView.swift in Sources */,
			);
			runOnlyForDeploymentPostprocessing = 0;
		};
/* End PBXSourcesBuildPhase section */

/* Begin PBXVariantGroup section */
		1BF4C9912450A7F3006EEAC5 /* LaunchScreen.storyboard */ = {
			isa = PBXVariantGroup;
			children = (
				1BF4C9922450A7F3006EEAC5 /* Base */,
			);
			name = LaunchScreen.storyboard;
			sourceTree = "<group>";
		};
/* End PBXVariantGroup section */

/* Begin XCBuildConfiguration section */
		1BF4C9962450A7F3006EEAC5 /* Release */ = {
			isa = XCBuildConfiguration;
			buildSettings = {
				ALWAYS_SEARCH_USER_PATHS = NO;
				CLANG_ANALYZER_NONNULL = YES;
				CLANG_ANALYZER_NUMBER_OBJECT_CONVERSION = YES_AGGRESSIVE;
				CLANG_CXX_LANGUAGE_STANDARD = "gnu++14";
				CLANG_CXX_LIBRARY = "libc++";
				CLANG_ENABLE_MODULES = YES;
				CLANG_ENABLE_OBJC_ARC = YES;
				CLANG_ENABLE_OBJC_WEAK = YES;
				CLANG_WARN_BLOCK_CAPTURE_AUTORELEASING = YES;
				CLANG_WARN_BOOL_CONVERSION = YES;
				CLANG_WARN_COMMA = YES;
				CLANG_WARN_CONSTANT_CONVERSION = YES;
				CLANG_WARN_DEPRECATED_OBJC_IMPLEMENTATIONS = YES;
				CLANG_WARN_DIRECT_OBJC_ISA_USAGE = YES_ERROR;
				CLANG_WARN_DOCUMENTATION_COMMENTS = YES;
				CLANG_WARN_EMPTY_BODY = YES;
				CLANG_WARN_ENUM_CONVERSION = YES;
				CLANG_WARN_INFINITE_RECURSION = YES;
				CLANG_WARN_INT_CONVERSION = YES;
				CLANG_WARN_NON_LITERAL_NULL_CONVERSION = YES;
				CLANG_WARN_OBJC_IMPLICIT_RETAIN_SELF = YES;
				CLANG_WARN_OBJC_LITERAL_CONVERSION = YES;
				CLANG_WARN_OBJC_ROOT_CLASS = YES_ERROR;
				CLANG_WARN_RANGE_LOOP_ANALYSIS = YES;
				CLANG_WARN_STRICT_PROTOTYPES = YES;
				CLANG_WARN_SUSPICIOUS_MOVE = YES;
				CLANG_WARN_UNGUARDED_AVAILABILITY = YES_AGGRESSIVE;
				CLANG_WARN_UNREACHABLE_CODE = YES;
				CLANG_WARN__DUPLICATE_METHOD_MATCH = YES;
				COPY_PHASE_STRIP = NO;
				DEBUG_INFORMATION_FORMAT = "dwarf-with-dsym";
				ENABLE_NS_ASSERTIONS = NO;
				ENABLE_STRICT_OBJC_MSGSEND = YES;
				GCC_C_LANGUAGE_STANDARD = gnu11;
				GCC_NO_COMMON_BLOCKS = YES;
				GCC_WARN_64_TO_32_BIT_CONVERSION = YES;
				GCC_WARN_ABOUT_RETURN_TYPE = YES_ERROR;
				GCC_WARN_UNDECLARED_SELECTOR = YES;
				GCC_WARN_UNINITIALIZED_AUTOS = YES_AGGRESSIVE;
				GCC_WARN_UNUSED_FUNCTION = YES;
				GCC_WARN_UNUSED_VARIABLE = YES;
				IPHONEOS_DEPLOYMENT_TARGET = 13.0;
				MTL_ENABLE_DEBUG_INFO = NO;
				MTL_FAST_MATH = YES;
				SDKROOT = iphoneos;
				SWIFT_COMPILATION_MODE = wholemodule;
				SWIFT_OPTIMIZATION_LEVEL = "-O";
				VALIDATE_PRODUCT = YES;
			};
			name = Release;
		};
		1BF4C9992450A7F3006EEAC5 /* Release */ = {
			isa = XCBuildConfiguration;
			baseConfigurationReference = 0AE5A5E80A197ED0B13269A2 /* Pods-FooTeam.release.xcconfig */;
			buildSettings = {
				ASSETCATALOG_COMPILER_APPICON_NAME = AppIcon;
				CODE_SIGN_ALLOW_ENTITLEMENTS_MODIFICATION = YES;
				CODE_SIGN_ENTITLEMENTS = FooTeam/FooTeam.entitlements;
				CODE_SIGN_STYLE = Automatic;
				DEVELOPMENT_TEAM = 34VDSPZYU9;
				INFOPLIST_FILE = "$(SRCROOT)/FooTeam/App/Info.plist";
				IPHONEOS_DEPLOYMENT_TARGET = 13.0;
				LD_RUNPATH_SEARCH_PATHS = (
					"$(inherited)",
					"@executable_path/Frameworks",
				);
				PRODUCT_BUNDLE_IDENTIFIER = V1taS.FooTeam;
				PRODUCT_NAME = "$(TARGET_NAME)";
				SWIFT_VERSION = 5.0;
				TARGETED_DEVICE_FAMILY = 1;
			};
			name = Release;
		};
/* End XCBuildConfiguration section */

/* Begin XCConfigurationList section */
		1BF4C97E2450A7F1006EEAC5 /* Build configuration list for PBXProject "FooTeam" */ = {
			isa = XCConfigurationList;
			buildConfigurations = (
				1BF4C9962450A7F3006EEAC5 /* Release */,
			);
			defaultConfigurationIsVisible = 0;
			defaultConfigurationName = Release;
		};
		1BF4C9972450A7F3006EEAC5 /* Build configuration list for PBXNativeTarget "FooTeam" */ = {
			isa = XCConfigurationList;
			buildConfigurations = (
				1BF4C9992450A7F3006EEAC5 /* Release */,
			);
			defaultConfigurationIsVisible = 0;
			defaultConfigurationName = Release;
		};
/* End XCConfigurationList section */
	};
	rootObject = 1BF4C97B2450A7F1006EEAC5 /* Project object */;
}
